
Microsoft Visual Studio Solution File, Format Version 12.00
# Visual Studio Version 16
VisualStudioVersion = 16.0.30406.217
MinimumVisualStudioVersion = 10.0.40219.1
Project("{FAE04EC0-301F-11D3-BF4B-00C04F79EFBC}") = "ejercicio1", "ejercicio1.csproj", "{3FBC952A-26A1-4BF2-911C-02CD43D7BA9A}"
EndProject
Global
	GlobalSection(SolutionConfigurationPlatforms) = preSolution
		Debug|Any CPU = Debug|Any CPU
		Release|Any CPU = Release|Any CPU
	EndGlobalSection
	GlobalSection(ProjectConfigurationPlatforms) = postSolution
		{3FBC952A-26A1-4BF2-911C-02CD43D7BA9A}.Debug|Any CPU.ActiveCfg = Debug|Any CPU
		{3FBC952A-26A1-4BF2-911C-02CD43D7BA9A}.Debug|Any CPU.Build.0 = Debug|Any CPU
		{3FBC952A-26A1-4BF2-911C-02CD43D7BA9A}.Release|Any CPU.ActiveCfg = Release|Any CPU
		{3FBC952A-26A1-4BF2-911C-02CD43D7BA9A}.Release|Any CPU.Build.0 = Release|Any CPU
	EndGlobalSection
	GlobalSection(SolutionProperties) = preSolution
		HideSolutionNode = FALSE
	EndGlobalSection
	GlobalSection(ExtensibilityGlobals) = postSolution
		SolutionGuid = {9C4F3A85-A2B4-4800-A5D8-FBEC7DE65A8C}
	EndGlobalSection
EndGlobal
